{
  "nodes": {
    "flake-utils": {
      "locked": {
        "lastModified": 1623875721,
        "narHash": "sha256-A8BU7bjS5GirpAUv4QA+QnJ4CceLHkcXdRp4xITDB0s=",
        "owner": "numtide",
        "repo": "flake-utils",
        "rev": "f7e004a55b120c02ecb6219596820fcd32ca8772",
        "type": "github"
      },
      "original": {
        "owner": "numtide",
        "ref": "master",
        "repo": "flake-utils",
        "type": "github"
      }
    },
    "nixpkgs": {
      "locked": {
        "lastModified": 1626489334,
        "narHash": "sha256-WcQDF/JB3yWfO7E37M6rlUCKkqcMwG2UiWz+2Vsib9Y=",
        "owner": "NixOS",
        "repo": "nixpkgs",
        "rev": "b2f87e0043aaf3f0f05cc983bd6aa80a616b8352",
        "type": "github"
      },
      "original": {
        "owner": "NixOS",
        "ref": "nixos-21.05",
        "repo": "nixpkgs",
        "type": "github"
      }
    },
    "root": {
      "inputs": {
        "flake-utils": "flake-utils",
        "nixpkgs": "nixpkgs",
        "tinybeachthor": "tinybeachthor"
      }
    },
    "tinybeachthor": {
      "inputs": {
        "nixpkgs": [
          "nixpkgs"
        ]
      },
      "locked": {
        "lastModified": 1624899702,
        "narHash": "sha256-1C+YTfkzNZN/rAX5PN8aXDoAdCisAG9K7bvG2lxkreE=",
        "owner": "tinybeachthor",
        "repo": "nur-packages",
        "rev": "8e45140c0c4fed1e136e97f2c316a5daa0249020",
        "type": "github"
      },
      "original": {
        "owner": "tinybeachthor",
        "ref": "master",
        "repo": "nur-packages",
        "type": "github"
      }
    }
  },
  "root": "root",
  "version": 7
}
